{
  "name": "mysha1",
  "version": "0.0.0",
  "lockfileVersion": 1,
  "requires": true,
  "dependencies": {
    "myassert": {
      "version": "0.0.3",
      "resolved": "https://registry.npmjs.org/myassert/-/myassert-0.0.3.tgz",
      "integrity": "sha512-Gg6oU/VN23zaEj/HMOiF1F4UHzL8s+7zkozKTlhEdZKtAhkJRaDSHWNZrFQ+XU7NFTB+X+JWQA9LKPCbCTuOfg=="
    }
  }
}
